
Microsoft Visual Studio Solution File, Format Version 12.00
# Visual Studio Version 16
VisualStudioVersion = 16.0.29926.136
MinimumVisualStudioVersion = 10.0.40219.1
Project("{8BC9CEB8-8B4A-11D0-8D11-00A0C91BC942}") = "Hazel", "Hazel\Hazel.vcxproj", "{B0714A12-BAFC-415A-A6A4-08D6B4DB7E86}"
EndProject
Project("{8BC9CEB8-8B4A-11D0-8D11-00A0C91BC942}") = "Sandbox", "Sandbox\Sandbox.vcxproj", "{8D69BB76-2ECE-4AD6-BB2A-39C7FD554F15}"
EndProject
Global
	GlobalSection(SolutionConfigurationPlatforms) = preSolution
		Debug|x64 = Debug|x64
		Release|x64 = Release|x64
	EndGlobalSection
	GlobalSection(ProjectConfigurationPlatforms) = postSolution
		{B0714A12-BAFC-415A-A6A4-08D6B4DB7E86}.Debug|x64.ActiveCfg = Debug|x64
		{B0714A12-BAFC-415A-A6A4-08D6B4DB7E86}.Debug|x64.Build.0 = Debug|x64
		{B0714A12-BAFC-415A-A6A4-08D6B4DB7E86}.Release|x64.ActiveCfg = Release|x64
		{B0714A12-BAFC-415A-A6A4-08D6B4DB7E86}.Release|x64.Build.0 = Release|x64
		{8D69BB76-2ECE-4AD6-BB2A-39C7FD554F15}.Debug|x64.ActiveCfg = Debug|x64
		{8D69BB76-2ECE-4AD6-BB2A-39C7FD554F15}.Debug|x64.Build.0 = Debug|x64
		{8D69BB76-2ECE-4AD6-BB2A-39C7FD554F15}.Release|x64.ActiveCfg = Release|x64
		{8D69BB76-2ECE-4AD6-BB2A-39C7FD554F15}.Release|x64.Build.0 = Release|x64
	EndGlobalSection
	GlobalSection(SolutionProperties) = preSolution
		HideSolutionNode = FALSE
	EndGlobalSection
	GlobalSection(ExtensibilityGlobals) = postSolution
		SolutionGuid = {7D4CF682-4975-4976-80DF-58EE8B1C0272}
	EndGlobalSection
EndGlobal
